
Microsoft Visual Studio Solution File, Format Version 12.00
# Visual Studio Version 17
VisualStudioVersion = 17.12.35514.174
MinimumVisualStudioVersion = 10.0.40219.1
Project("{2150E333-8FDC-42A3-9474-1A3956D46DE8}") = "Task0", "Task0", "{C230B689-D8EA-4A59-B4BC-0BC7CCDD214F}"
EndProject
Project("{FAE04EC0-301F-11D3-BF4B-00C04F79EFBC}") = "Tyuiu.BelousovaOD.Sprint6.Task0.V28.Lib", "Tyuiu.BelousovaOD.Sprint6.Task0.V28.Lib\Tyuiu.BelousovaOD.Sprint6.Task0.V28.Lib.csproj", "{299D801C-7292-4E5B-9EA5-35F2BC96E45B}"
EndProject
Project("{FAE04EC0-301F-11D3-BF4B-00C04F79EFBC}") = "Tyuiu.BelousovaOD.Sprint6.Task0.V28.Test", "Tyuiu.BelousovaOD.Sprint6.Task0.V28.Test\Tyuiu.BelousovaOD.Sprint6.Task0.V28.Test.csproj", "{19DE61BF-79B5-4541-9848-7F5D0FE2483C}"
EndProject
Project("{FAE04EC0-301F-11D3-BF4B-00C04F79EFBC}") = "Tyuiu.BelousovaOD.Sprint6.Task0.V28", "Tyuiu.BelousovaOD.Sprint6.Task0.V28\Tyuiu.BelousovaOD.Sprint6.Task0.V28.csproj", "{5488E3E6-3725-4BDE-A917-3D615E4EA6BC}"
EndProject
Project("{2150E333-8FDC-42A3-9474-1A3956D46DE8}") = "Task1", "Task1", "{52800F8E-1676-4E91-8BF5-3D1D5C918EC4}"
EndProject
Project("{FAE04EC0-301F-11D3-BF4B-00C04F79EFBC}") = "Tyuiu.BelousovaOD.Sprint6.Task1.V8.Lib", "Tyuiu.BelousovaOD.Sprint6.Task1.V8.Lib\Tyuiu.BelousovaOD.Sprint6.Task1.V8.Lib.csproj", "{734E5221-50A3-4594-9DC6-5BC61F803BF9}"
EndProject
Project("{FAE04EC0-301F-11D3-BF4B-00C04F79EFBC}") = "Tyuiu.BelousovaOD.Sprint6.Task1.V8.Test", "Tyuiu.BelousovaOD.Sprint6.Task1.V8.Test\Tyuiu.BelousovaOD.Sprint6.Task1.V8.Test.csproj", "{D3CC1397-C753-46A0-BC4B-4CB90C32DFE4}"
EndProject
Project("{FAE04EC0-301F-11D3-BF4B-00C04F79EFBC}") = "Tyuiu.BelousovaOD.Sprint6.Task1.V8", "Tyuiu.BelousovaOD.Sprint6.Task1.V8\Tyuiu.BelousovaOD.Sprint6.Task1.V8.csproj", "{2370B8EB-07E7-4A0E-BCE0-495F94314F26}"
EndProject
Project("{2150E333-8FDC-42A3-9474-1A3956D46DE8}") = "Task3", "Task3", "{2C97E252-FD2C-46C5-8A08-70AFBD83FD84}"
EndProject
Project("{FAE04EC0-301F-11D3-BF4B-00C04F79EFBC}") = "Tyuiu.BelousovaOD.Sprint6.Task3.V27.Lib", "Tyuiu.BelousovaOD.Sprint6.Task3.V27.Lib\Tyuiu.BelousovaOD.Sprint6.Task3.V27.Lib.csproj", "{8FE505F3-421C-4933-A43B-AAA94180BEC1}"
EndProject
Project("{FAE04EC0-301F-11D3-BF4B-00C04F79EFBC}") = "Tyuiu.BelousovaOD.Sprint6.Task3.V27.Test", "Tyuiu.BelousovaOD.Sprint6.Task3.V27.Test\Tyuiu.BelousovaOD.Sprint6.Task3.V27.Test.csproj", "{764ED1A6-AE4F-4926-A0DE-08D27655253C}"
EndProject
Project("{FAE04EC0-301F-11D3-BF4B-00C04F79EFBC}") = "Tyuiu.BelousovaOD.Sprint6.Task3.V27", "Tyuiu.BelousovaOD.Sprint6.Task3.V27\Tyuiu.BelousovaOD.Sprint6.Task3.V27.csproj", "{6F3FC595-7FDB-456F-81CB-C3AE6EA78550}"
EndProject
Project("{2150E333-8FDC-42A3-9474-1A3956D46DE8}") = "Task4", "Task4", "{F97C6634-18B2-4F18-B320-0FC2350C0C4A}"
EndProject
Project("{FAE04EC0-301F-11D3-BF4B-00C04F79EFBC}") = "Tyuiu.BelousovaOD.Sprint6.Task4.V8.Lib", "Tyuiu.BelousovaOD.Sprint6.Task4.V8.Lib\Tyuiu.BelousovaOD.Sprint6.Task4.V8.Lib.csproj", "{0D489B21-A805-4AAD-A5CF-B34A402887D9}"
EndProject
Project("{FAE04EC0-301F-11D3-BF4B-00C04F79EFBC}") = "Tyuiu.BelousovaOD.Sprint6.Task4.V8.Test", "Tyuiu.BelousovaOD.Sprint6.Task4.V8.Test\Tyuiu.BelousovaOD.Sprint6.Task4.V8.Test.csproj", "{8FC0CE80-259D-4E65-8201-CAD3CC30E334}"
EndProject
Project("{FAE04EC0-301F-11D3-BF4B-00C04F79EFBC}") = "Tyuiu.BelousovaOD.Sprint6.Task4.V8", "Tyuiu.BelousovaOD.Sprint6.Task4.V8\Tyuiu.BelousovaOD.Sprint6.Task4.V8.csproj", "{388DCBEB-C661-4899-8610-98C63C1725C2}"
EndProject
Project("{2150E333-8FDC-42A3-9474-1A3956D46DE8}") = "Task2", "Task2", "{E5F417F8-1FEC-4DBE-88CE-7B4C69E6B0D5}"
EndProject
Project("{FAE04EC0-301F-11D3-BF4B-00C04F79EFBC}") = "Tyuiu.BelousovaOD.Sprint6.Task2.V10.Lib", "Tyuiu.BelousovaOD.Sprint6.Task2.V10.Lib\Tyuiu.BelousovaOD.Sprint6.Task2.V10.Lib.csproj", "{A9BA5158-4887-4050-B8DF-609E0B7A656A}"
EndProject
Project("{FAE04EC0-301F-11D3-BF4B-00C04F79EFBC}") = "Tyuiu.BelousovaOD.Sprint6.Task2.V10.Test", "Tyuiu.BelousovaOD.Sprint6.Task2.V10.Test\Tyuiu.BelousovaOD.Sprint6.Task2.V10.Test.csproj", "{08A43267-F34B-4BF5-BD26-BDB45E83A85A}"
EndProject
Project("{FAE04EC0-301F-11D3-BF4B-00C04F79EFBC}") = "Tyuiu.BelousovaOD.Sprint6.Task2.V10", "Tyuiu.BelousovaOD.Sprint6.Task2.V10\Tyuiu.BelousovaOD.Sprint6.Task2.V10.csproj", "{F60168F6-2104-46FA-9323-493F919FC7F3}"
EndProject
Project("{2150E333-8FDC-42A3-9474-1A3956D46DE8}") = "Task5", "Task5", "{C5ABC213-5208-4467-8847-60233347D903}"
EndProject
Project("{FAE04EC0-301F-11D3-BF4B-00C04F79EFBC}") = "Tyuiu.BelousovaOD.Sprint6.Task5.V13.Lib", "Tyuiu.BelousovaOD.Sprint6.Task5.V13.Lib\Tyuiu.BelousovaOD.Sprint6.Task5.V13.Lib.csproj", "{AC2EECBF-2C44-469B-A5ED-6657B73E7FB2}"
EndProject
Project("{FAE04EC0-301F-11D3-BF4B-00C04F79EFBC}") = "Tyuiu.BelousovaOD.Sprint6.Task5.V13.Test", "Tyuiu.BelousovaOD.Sprint6.Task5.V13.Test\Tyuiu.BelousovaOD.Sprint6.Task5.V13.Test.csproj", "{A5212B4A-BB82-4BFA-AFA5-3A1D7105A6C8}"
EndProject
Project("{FAE04EC0-301F-11D3-BF4B-00C04F79EFBC}") = "Tyuiu.BelousovaOD.Sprint6.Task5.V13", "Tyuiu.BelousovaOD.Sprint6.Task5.V13\Tyuiu.BelousovaOD.Sprint6.Task5.V13.csproj", "{AA26725C-EE81-442A-818D-97A66553CF27}"
EndProject
Project("{2150E333-8FDC-42A3-9474-1A3956D46DE8}") = "Task6", "Task6", "{A4792D0C-15AF-4764-862E-29DFAF097969}"
EndProject
Project("{FAE04EC0-301F-11D3-BF4B-00C04F79EFBC}") = "Tyuiu.BelousovaOD.Sprint6.Task6.V20.Lib", "Tyuiu.BelousovaOD.Sprint6.Task6.V20.Lib\Tyuiu.BelousovaOD.Sprint6.Task6.V20.Lib.csproj", "{66832E1C-C8C7-464D-88C9-005B3D76F6B5}"
EndProject
Project("{FAE04EC0-301F-11D3-BF4B-00C04F79EFBC}") = "Tyuiu.BelousovaOD.Sprint6.Task6.V20.Test", "Tyuiu.BelousovaOD.Sprint6.Task6.V20.Test\Tyuiu.BelousovaOD.Sprint6.Task6.V20.Test.csproj", "{7F5987DE-D4ED-4C3E-A906-2E222832301D}"
EndProject
Project("{FAE04EC0-301F-11D3-BF4B-00C04F79EFBC}") = "Tyuiu.BelousovaOD.Sprint6.Task6.V20", "Tyuiu.BelousovaOD.Sprint6.Task6.V20\Tyuiu.BelousovaOD.Sprint6.Task6.V20.csproj", "{C68A6499-8496-4602-92BF-A1206095BCFB}"
EndProject
Global
	GlobalSection(SolutionConfigurationPlatforms) = preSolution
		Debug|Any CPU = Debug|Any CPU
		Release|Any CPU = Release|Any CPU
	EndGlobalSection
	GlobalSection(ProjectConfigurationPlatforms) = postSolution
		{299D801C-7292-4E5B-9EA5-35F2BC96E45B}.Debug|Any CPU.ActiveCfg = Debug|Any CPU
		{299D801C-7292-4E5B-9EA5-35F2BC96E45B}.Debug|Any CPU.Build.0 = Debug|Any CPU
		{299D801C-7292-4E5B-9EA5-35F2BC96E45B}.Release|Any CPU.ActiveCfg = Release|Any CPU
		{299D801C-7292-4E5B-9EA5-35F2BC96E45B}.Release|Any CPU.Build.0 = Release|Any CPU
		{19DE61BF-79B5-4541-9848-7F5D0FE2483C}.Debug|Any CPU.ActiveCfg = Debug|Any CPU
		{19DE61BF-79B5-4541-9848-7F5D0FE2483C}.Debug|Any CPU.Build.0 = Debug|Any CPU
		{19DE61BF-79B5-4541-9848-7F5D0FE2483C}.Release|Any CPU.ActiveCfg = Release|Any CPU
		{19DE61BF-79B5-4541-9848-7F5D0FE2483C}.Release|Any CPU.Build.0 = Release|Any CPU
		{5488E3E6-3725-4BDE-A917-3D615E4EA6BC}.Debug|Any CPU.ActiveCfg = Debug|Any CPU
		{5488E3E6-3725-4BDE-A917-3D615E4EA6BC}.Debug|Any CPU.Build.0 = Debug|Any CPU
		{5488E3E6-3725-4BDE-A917-3D615E4EA6BC}.Release|Any CPU.ActiveCfg = Release|Any CPU
		{5488E3E6-3725-4BDE-A917-3D615E4EA6BC}.Release|Any CPU.Build.0 = Release|Any CPU
		{734E5221-50A3-4594-9DC6-5BC61F803BF9}.Debug|Any CPU.ActiveCfg = Debug|Any CPU
		{734E5221-50A3-4594-9DC6-5BC61F803BF9}.Debug|Any CPU.Build.0 = Debug|Any CPU
		{734E5221-50A3-4594-9DC6-5BC61F803BF9}.Release|Any CPU.ActiveCfg = Release|Any CPU
		{734E5221-50A3-4594-9DC6-5BC61F803BF9}.Release|Any CPU.Build.0 = Release|Any CPU
		{D3CC1397-C753-46A0-BC4B-4CB90C32DFE4}.Debug|Any CPU.ActiveCfg = Debug|Any CPU
		{D3CC1397-C753-46A0-BC4B-4CB90C32DFE4}.Debug|Any CPU.Build.0 = Debug|Any CPU
		{D3CC1397-C753-46A0-BC4B-4CB90C32DFE4}.Release|Any CPU.ActiveCfg = Release|Any CPU
		{D3CC1397-C753-46A0-BC4B-4CB90C32DFE4}.Release|Any CPU.Build.0 = Release|Any CPU
		{2370B8EB-07E7-4A0E-BCE0-495F94314F26}.Debug|Any CPU.ActiveCfg = Debug|Any CPU
		{2370B8EB-07E7-4A0E-BCE0-495F94314F26}.Debug|Any CPU.Build.0 = Debug|Any CPU
		{2370B8EB-07E7-4A0E-BCE0-495F94314F26}.Release|Any CPU.ActiveCfg = Release|Any CPU
		{2370B8EB-07E7-4A0E-BCE0-495F94314F26}.Release|Any CPU.Build.0 = Release|Any CPU
		{8FE505F3-421C-4933-A43B-AAA94180BEC1}.Debug|Any CPU.ActiveCfg = Debug|Any CPU
		{8FE505F3-421C-4933-A43B-AAA94180BEC1}.Debug|Any CPU.Build.0 = Debug|Any CPU
		{8FE505F3-421C-4933-A43B-AAA94180BEC1}.Release|Any CPU.ActiveCfg = Release|Any CPU
		{8FE505F3-421C-4933-A43B-AAA94180BEC1}.Release|Any CPU.Build.0 = Release|Any CPU
		{764ED1A6-AE4F-4926-A0DE-08D27655253C}.Debug|Any CPU.ActiveCfg = Debug|Any CPU
		{764ED1A6-AE4F-4926-A0DE-08D27655253C}.Debug|Any CPU.Build.0 = Debug|Any CPU
		{764ED1A6-AE4F-4926-A0DE-08D27655253C}.Release|Any CPU.ActiveCfg = Release|Any CPU
		{764ED1A6-AE4F-4926-A0DE-08D27655253C}.Release|Any CPU.Build.0 = Release|Any CPU
		{6F3FC595-7FDB-456F-81CB-C3AE6EA78550}.Debug|Any CPU.ActiveCfg = Debug|Any CPU
		{6F3FC595-7FDB-456F-81CB-C3AE6EA78550}.Debug|Any CPU.Build.0 = Debug|Any CPU
		{6F3FC595-7FDB-456F-81CB-C3AE6EA78550}.Release|Any CPU.ActiveCfg = Release|Any CPU
		{6F3FC595-7FDB-456F-81CB-C3AE6EA78550}.Release|Any CPU.Build.0 = Release|Any CPU
		{0D489B21-A805-4AAD-A5CF-B34A402887D9}.Debug|Any CPU.ActiveCfg = Debug|Any CPU
		{0D489B21-A805-4AAD-A5CF-B34A402887D9}.Debug|Any CPU.Build.0 = Debug|Any CPU
		{0D489B21-A805-4AAD-A5CF-B34A402887D9}.Release|Any CPU.ActiveCfg = Release|Any CPU
		{0D489B21-A805-4AAD-A5CF-B34A402887D9}.Release|Any CPU.Build.0 = Release|Any CPU
		{8FC0CE80-259D-4E65-8201-CAD3CC30E334}.Debug|Any CPU.ActiveCfg = Debug|Any CPU
		{8FC0CE80-259D-4E65-8201-CAD3CC30E334}.Debug|Any CPU.Build.0 = Debug|Any CPU
		{8FC0CE80-259D-4E65-8201-CAD3CC30E334}.Release|Any CPU.ActiveCfg = Release|Any CPU
		{8FC0CE80-259D-4E65-8201-CAD3CC30E334}.Release|Any CPU.Build.0 = Release|Any CPU
		{388DCBEB-C661-4899-8610-98C63C1725C2}.Debug|Any CPU.ActiveCfg = Debug|Any CPU
		{388DCBEB-C661-4899-8610-98C63C1725C2}.Debug|Any CPU.Build.0 = Debug|Any CPU
		{388DCBEB-C661-4899-8610-98C63C1725C2}.Release|Any CPU.ActiveCfg = Release|Any CPU
		{388DCBEB-C661-4899-8610-98C63C1725C2}.Release|Any CPU.Build.0 = Release|Any CPU
		{A9BA5158-4887-4050-B8DF-609E0B7A656A}.Debug|Any CPU.ActiveCfg = Debug|Any CPU
		{A9BA5158-4887-4050-B8DF-609E0B7A656A}.Debug|Any CPU.Build.0 = Debug|Any CPU
		{A9BA5158-4887-4050-B8DF-609E0B7A656A}.Release|Any CPU.ActiveCfg = Release|Any CPU
		{A9BA5158-4887-4050-B8DF-609E0B7A656A}.Release|Any CPU.Build.0 = Release|Any CPU
		{08A43267-F34B-4BF5-BD26-BDB45E83A85A}.Debug|Any CPU.ActiveCfg = Debug|Any CPU
		{08A43267-F34B-4BF5-BD26-BDB45E83A85A}.Debug|Any CPU.Build.0 = Debug|Any CPU
		{08A43267-F34B-4BF5-BD26-BDB45E83A85A}.Release|Any CPU.ActiveCfg = Release|Any CPU
		{08A43267-F34B-4BF5-BD26-BDB45E83A85A}.Release|Any CPU.Build.0 = Release|Any CPU
		{F60168F6-2104-46FA-9323-493F919FC7F3}.Debug|Any CPU.ActiveCfg = Debug|Any CPU
		{F60168F6-2104-46FA-9323-493F919FC7F3}.Debug|Any CPU.Build.0 = Debug|Any CPU
		{F60168F6-2104-46FA-9323-493F919FC7F3}.Release|Any CPU.ActiveCfg = Release|Any CPU
		{F60168F6-2104-46FA-9323-493F919FC7F3}.Release|Any CPU.Build.0 = Release|Any CPU
		{AC2EECBF-2C44-469B-A5ED-6657B73E7FB2}.Debug|Any CPU.ActiveCfg = Debug|Any CPU
		{AC2EECBF-2C44-469B-A5ED-6657B73E7FB2}.Debug|Any CPU.Build.0 = Debug|Any CPU
		{AC2EECBF-2C44-469B-A5ED-6657B73E7FB2}.Release|Any CPU.ActiveCfg = Release|Any CPU
		{AC2EECBF-2C44-469B-A5ED-6657B73E7FB2}.Release|Any CPU.Build.0 = Release|Any CPU
		{A5212B4A-BB82-4BFA-AFA5-3A1D7105A6C8}.Debug|Any CPU.ActiveCfg = Debug|Any CPU
		{A5212B4A-BB82-4BFA-AFA5-3A1D7105A6C8}.Debug|Any CPU.Build.0 = Debug|Any CPU
		{A5212B4A-BB82-4BFA-AFA5-3A1D7105A6C8}.Release|Any CPU.ActiveCfg = Release|Any CPU
		{A5212B4A-BB82-4BFA-AFA5-3A1D7105A6C8}.Release|Any CPU.Build.0 = Release|Any CPU
		{AA26725C-EE81-442A-818D-97A66553CF27}.Debug|Any CPU.ActiveCfg = Debug|Any CPU
		{AA26725C-EE81-442A-818D-97A66553CF27}.Debug|Any CPU.Build.0 = Debug|Any CPU
		{AA26725C-EE81-442A-818D-97A66553CF27}.Release|Any CPU.ActiveCfg = Release|Any CPU
		{AA26725C-EE81-442A-818D-97A66553CF27}.Release|Any CPU.Build.0 = Release|Any CPU
		{66832E1C-C8C7-464D-88C9-005B3D76F6B5}.Debug|Any CPU.ActiveCfg = Debug|Any CPU
		{66832E1C-C8C7-464D-88C9-005B3D76F6B5}.Debug|Any CPU.Build.0 = Debug|Any CPU
		{66832E1C-C8C7-464D-88C9-005B3D76F6B5}.Release|Any CPU.ActiveCfg = Release|Any CPU
		{66832E1C-C8C7-464D-88C9-005B3D76F6B5}.Release|Any CPU.Build.0 = Release|Any CPU
		{7F5987DE-D4ED-4C3E-A906-2E222832301D}.Debug|Any CPU.ActiveCfg = Debug|Any CPU
		{7F5987DE-D4ED-4C3E-A906-2E222832301D}.Debug|Any CPU.Build.0 = Debug|Any CPU
		{7F5987DE-D4ED-4C3E-A906-2E222832301D}.Release|Any CPU.ActiveCfg = Release|Any CPU
		{7F5987DE-D4ED-4C3E-A906-2E222832301D}.Release|Any CPU.Build.0 = Release|Any CPU
		{C68A6499-8496-4602-92BF-A1206095BCFB}.Debug|Any CPU.ActiveCfg = Debug|Any CPU
		{C68A6499-8496-4602-92BF-A1206095BCFB}.Debug|Any CPU.Build.0 = Debug|Any CPU
		{C68A6499-8496-4602-92BF-A1206095BCFB}.Release|Any CPU.ActiveCfg = Release|Any CPU
		{C68A6499-8496-4602-92BF-A1206095BCFB}.Release|Any CPU.Build.0 = Release|Any CPU
	EndGlobalSection
	GlobalSection(SolutionProperties) = preSolution
		HideSolutionNode = FALSE
	EndGlobalSection
	GlobalSection(NestedProjects) = preSolution
		{299D801C-7292-4E5B-9EA5-35F2BC96E45B} = {C230B689-D8EA-4A59-B4BC-0BC7CCDD214F}
		{19DE61BF-79B5-4541-9848-7F5D0FE2483C} = {C230B689-D8EA-4A59-B4BC-0BC7CCDD214F}
		{5488E3E6-3725-4BDE-A917-3D615E4EA6BC} = {C230B689-D8EA-4A59-B4BC-0BC7CCDD214F}
		{734E5221-50A3-4594-9DC6-5BC61F803BF9} = {52800F8E-1676-4E91-8BF5-3D1D5C918EC4}
		{D3CC1397-C753-46A0-BC4B-4CB90C32DFE4} = {52800F8E-1676-4E91-8BF5-3D1D5C918EC4}
		{2370B8EB-07E7-4A0E-BCE0-495F94314F26} = {52800F8E-1676-4E91-8BF5-3D1D5C918EC4}
		{8FE505F3-421C-4933-A43B-AAA94180BEC1} = {2C97E252-FD2C-46C5-8A08-70AFBD83FD84}
		{764ED1A6-AE4F-4926-A0DE-08D27655253C} = {2C97E252-FD2C-46C5-8A08-70AFBD83FD84}
		{6F3FC595-7FDB-456F-81CB-C3AE6EA78550} = {2C97E252-FD2C-46C5-8A08-70AFBD83FD84}
		{0D489B21-A805-4AAD-A5CF-B34A402887D9} = {F97C6634-18B2-4F18-B320-0FC2350C0C4A}
		{8FC0CE80-259D-4E65-8201-CAD3CC30E334} = {F97C6634-18B2-4F18-B320-0FC2350C0C4A}
		{388DCBEB-C661-4899-8610-98C63C1725C2} = {F97C6634-18B2-4F18-B320-0FC2350C0C4A}
		{A9BA5158-4887-4050-B8DF-609E0B7A656A} = {E5F417F8-1FEC-4DBE-88CE-7B4C69E6B0D5}
		{08A43267-F34B-4BF5-BD26-BDB45E83A85A} = {E5F417F8-1FEC-4DBE-88CE-7B4C69E6B0D5}
		{F60168F6-2104-46FA-9323-493F919FC7F3} = {E5F417F8-1FEC-4DBE-88CE-7B4C69E6B0D5}
		{AC2EECBF-2C44-469B-A5ED-6657B73E7FB2} = {C5ABC213-5208-4467-8847-60233347D903}
		{A5212B4A-BB82-4BFA-AFA5-3A1D7105A6C8} = {C5ABC213-5208-4467-8847-60233347D903}
		{AA26725C-EE81-442A-818D-97A66553CF27} = {C5ABC213-5208-4467-8847-60233347D903}
		{66832E1C-C8C7-464D-88C9-005B3D76F6B5} = {A4792D0C-15AF-4764-862E-29DFAF097969}
		{7F5987DE-D4ED-4C3E-A906-2E222832301D} = {A4792D0C-15AF-4764-862E-29DFAF097969}
		{C68A6499-8496-4602-92BF-A1206095BCFB} = {A4792D0C-15AF-4764-862E-29DFAF097969}
	EndGlobalSection
EndGlobal
